
Microsoft Visual Studio Solution File, Format Version 12.00
# Visual Studio Version 17
VisualStudioVersion = 17.1.32421.90
MinimumVisualStudioVersion = 10.0.40219.1
Project("{FAE04EC0-301F-11D3-BF4B-00C04F79EFBC}") = "LC_StockMarket", "LC_StockMarket\LC_StockMarket.csproj", "{D495184D-5B21-4E21-84DF-45FA7FDFDC03}"
EndProject
Global
	GlobalSection(SolutionConfigurationPlatforms) = preSolution
		Debug|Any CPU = Debug|Any CPU
		Release|Any CPU = Release|Any CPU
	EndGlobalSection
	GlobalSection(ProjectConfigurationPlatforms) = postSolution
		{D495184D-5B21-4E21-84DF-45FA7FDFDC03}.Debug|Any CPU.ActiveCfg = Debug|Any CPU
		{D495184D-5B21-4E21-84DF-45FA7FDFDC03}.Debug|Any CPU.Build.0 = Debug|Any CPU
		{D495184D-5B21-4E21-84DF-45FA7FDFDC03}.Release|Any CPU.ActiveCfg = Release|Any CPU
		{D495184D-5B21-4E21-84DF-45FA7FDFDC03}.Release|Any CPU.Build.0 = Release|Any CPU
	EndGlobalSection
	GlobalSection(SolutionProperties) = preSolution
		HideSolutionNode = FALSE
	EndGlobalSection
	GlobalSection(ExtensibilityGlobals) = postSolution
		SolutionGuid = {D0B6D31B-FAF6-45CD-AE1B-09204AE04701}
	EndGlobalSection
EndGlobal
