
Microsoft Visual Studio Solution File, Format Version 12.00
# Visual Studio Version 17
VisualStudioVersion = 17.1.32421.90
MinimumVisualStudioVersion = 10.0.40219.1
Project("{FAE04EC0-301F-11D3-BF4B-00C04F79EFBC}") = "StockMarketSimulation", "StockMarketSimulation\StockMarketSimulation.csproj", "{9602F64B-7409-4499-ADF4-E9D19FC626A8}"
EndProject
Global
	GlobalSection(SolutionConfigurationPlatforms) = preSolution
		Debug|Any CPU = Debug|Any CPU
		Release|Any CPU = Release|Any CPU
	EndGlobalSection
	GlobalSection(ProjectConfigurationPlatforms) = postSolution
		{9602F64B-7409-4499-ADF4-E9D19FC626A8}.Debug|Any CPU.ActiveCfg = Debug|Any CPU
		{9602F64B-7409-4499-ADF4-E9D19FC626A8}.Debug|Any CPU.Build.0 = Debug|Any CPU
		{9602F64B-7409-4499-ADF4-E9D19FC626A8}.Release|Any CPU.ActiveCfg = Release|Any CPU
		{9602F64B-7409-4499-ADF4-E9D19FC626A8}.Release|Any CPU.Build.0 = Release|Any CPU
	EndGlobalSection
	GlobalSection(SolutionProperties) = preSolution
		HideSolutionNode = FALSE
	EndGlobalSection
	GlobalSection(ExtensibilityGlobals) = postSolution
		SolutionGuid = {8F32542E-6926-4CB3-AA51-E8F11C17AE7E}
	EndGlobalSection
EndGlobal
