
Microsoft Visual Studio Solution File, Format Version 12.00
# Visual Studio Version 17
VisualStudioVersion = 17.1.32421.90
MinimumVisualStudioVersion = 10.0.40219.1
Project("{FAE04EC0-301F-11D3-BF4B-00C04F79EFBC}") = "LC_BugSnacks", "LC_BugSnacks\LC_BugSnacks.csproj", "{D6700C5D-017D-454F-830B-9D752EA84FD6}"
EndProject
Global
	GlobalSection(SolutionConfigurationPlatforms) = preSolution
		Debug|Any CPU = Debug|Any CPU
		Release|Any CPU = Release|Any CPU
	EndGlobalSection
	GlobalSection(ProjectConfigurationPlatforms) = postSolution
		{D6700C5D-017D-454F-830B-9D752EA84FD6}.Debug|Any CPU.ActiveCfg = Debug|Any CPU
		{D6700C5D-017D-454F-830B-9D752EA84FD6}.Debug|Any CPU.Build.0 = Debug|Any CPU
		{D6700C5D-017D-454F-830B-9D752EA84FD6}.Release|Any CPU.ActiveCfg = Release|Any CPU
		{D6700C5D-017D-454F-830B-9D752EA84FD6}.Release|Any CPU.Build.0 = Release|Any CPU
	EndGlobalSection
	GlobalSection(SolutionProperties) = preSolution
		HideSolutionNode = FALSE
	EndGlobalSection
	GlobalSection(ExtensibilityGlobals) = postSolution
		SolutionGuid = {6CB65913-5330-4DA5-9304-7B0397F3D6C3}
	EndGlobalSection
EndGlobal
