
Microsoft Visual Studio Solution File, Format Version 12.00
# Visual Studio Version 17
VisualStudioVersion = 17.8.34511.84
MinimumVisualStudioVersion = 10.0.40219.1
Project("{FAE04EC0-301F-11D3-BF4B-00C04F79EFBC}") = "LC_HoardingBugSnacks", "LC_HoardingBugSnacks\LC_HoardingBugSnacks.csproj", "{8A19C370-DF01-4355-878E-94A5F517F97B}"
EndProject
Global
	GlobalSection(SolutionConfigurationPlatforms) = preSolution
		Debug|Any CPU = Debug|Any CPU
		Release|Any CPU = Release|Any CPU
	EndGlobalSection
	GlobalSection(ProjectConfigurationPlatforms) = postSolution
		{8A19C370-DF01-4355-878E-94A5F517F97B}.Debug|Any CPU.ActiveCfg = Debug|Any CPU
		{8A19C370-DF01-4355-878E-94A5F517F97B}.Debug|Any CPU.Build.0 = Debug|Any CPU
		{8A19C370-DF01-4355-878E-94A5F517F97B}.Release|Any CPU.ActiveCfg = Release|Any CPU
		{8A19C370-DF01-4355-878E-94A5F517F97B}.Release|Any CPU.Build.0 = Release|Any CPU
	EndGlobalSection
	GlobalSection(SolutionProperties) = preSolution
		HideSolutionNode = FALSE
	EndGlobalSection
	GlobalSection(ExtensibilityGlobals) = postSolution
		SolutionGuid = {D8277644-59B5-40BD-BDDA-0D2A6C90A21E}
	EndGlobalSection
EndGlobal
