
Microsoft Visual Studio Solution File, Format Version 12.00
# Visual Studio Version 17
VisualStudioVersion = 17.1.32421.90
MinimumVisualStudioVersion = 10.0.40219.1
Project("{FAE04EC0-301F-11D3-BF4B-00C04F79EFBC}") = "LC_Sandwich", "LC_Sandwich\LC_Sandwich.csproj", "{26D313E5-594D-421E-BEDC-EE6B8638CA8E}"
EndProject
Global
	GlobalSection(SolutionConfigurationPlatforms) = preSolution
		Debug|Any CPU = Debug|Any CPU
		Release|Any CPU = Release|Any CPU
	EndGlobalSection
	GlobalSection(ProjectConfigurationPlatforms) = postSolution
		{26D313E5-594D-421E-BEDC-EE6B8638CA8E}.Debug|Any CPU.ActiveCfg = Debug|Any CPU
		{26D313E5-594D-421E-BEDC-EE6B8638CA8E}.Debug|Any CPU.Build.0 = Debug|Any CPU
		{26D313E5-594D-421E-BEDC-EE6B8638CA8E}.Release|Any CPU.ActiveCfg = Release|Any CPU
		{26D313E5-594D-421E-BEDC-EE6B8638CA8E}.Release|Any CPU.Build.0 = Release|Any CPU
	EndGlobalSection
	GlobalSection(SolutionProperties) = preSolution
		HideSolutionNode = FALSE
	EndGlobalSection
	GlobalSection(ExtensibilityGlobals) = postSolution
		SolutionGuid = {C0E9AE18-3562-4CF4-BC2B-427A3F3987CD}
	EndGlobalSection
EndGlobal
